
Microsoft Visual Studio Solution File, Format Version 12.00
# Visual Studio 15
VisualStudioVersion = 15.0.27703.2026
MinimumVisualStudioVersion = 10.0.40219.1
Project("{FAE04EC0-301F-11D3-BF4B-00C04F79EFBC}") = "NLayerWebApp", "NLayerWebApp\NLayerWebApp.csproj", "{6D2D776A-1A99-43B9-BB14-8C4D6E9111BB}"
EndProject
Project("{FAE04EC0-301F-11D3-BF4B-00C04F79EFBC}") = "NLayer.DAL", "DAL\NLayer.DAL.csproj", "{7566D22C-2C77-44F3-9304-922D4CC49426}"
EndProject
Project("{FAE04EC0-301F-11D3-BF4B-00C04F79EFBC}") = "NLayer.BLL", "BLL\NLayer.BLL.csproj", "{4789063F-BFA7-4729-80E2-740CE535C167}"
EndProject
Global
	GlobalSection(SolutionConfigurationPlatforms) = preSolution
		Debug|Any CPU = Debug|Any CPU
		Release|Any CPU = Release|Any CPU
	EndGlobalSection
	GlobalSection(ProjectConfigurationPlatforms) = postSolution
		{6D2D776A-1A99-43B9-BB14-8C4D6E9111BB}.Debug|Any CPU.ActiveCfg = Debug|Any CPU
		{6D2D776A-1A99-43B9-BB14-8C4D6E9111BB}.Debug|Any CPU.Build.0 = Debug|Any CPU
		{6D2D776A-1A99-43B9-BB14-8C4D6E9111BB}.Release|Any CPU.ActiveCfg = Release|Any CPU
		{6D2D776A-1A99-43B9-BB14-8C4D6E9111BB}.Release|Any CPU.Build.0 = Release|Any CPU
		{7566D22C-2C77-44F3-9304-922D4CC49426}.Debug|Any CPU.ActiveCfg = Debug|Any CPU
		{7566D22C-2C77-44F3-9304-922D4CC49426}.Debug|Any CPU.Build.0 = Debug|Any CPU
		{7566D22C-2C77-44F3-9304-922D4CC49426}.Release|Any CPU.ActiveCfg = Release|Any CPU
		{7566D22C-2C77-44F3-9304-922D4CC49426}.Release|Any CPU.Build.0 = Release|Any CPU
		{4789063F-BFA7-4729-80E2-740CE535C167}.Debug|Any CPU.ActiveCfg = Debug|Any CPU
		{4789063F-BFA7-4729-80E2-740CE535C167}.Debug|Any CPU.Build.0 = Debug|Any CPU
		{4789063F-BFA7-4729-80E2-740CE535C167}.Release|Any CPU.ActiveCfg = Release|Any CPU
		{4789063F-BFA7-4729-80E2-740CE535C167}.Release|Any CPU.Build.0 = Release|Any CPU
	EndGlobalSection
	GlobalSection(SolutionProperties) = preSolution
		HideSolutionNode = FALSE
	EndGlobalSection
	GlobalSection(ExtensibilityGlobals) = postSolution
		SolutionGuid = {2DBF00A0-CA1E-4FBD-9689-6CCC91D39D32}
	EndGlobalSection
EndGlobal
